
Microsoft Visual Studio Solution File, Format Version 12.00
# Visual Studio Version 17
VisualStudioVersion = 17.13.35806.99 d17.13
MinimumVisualStudioVersion = 10.0.40219.1
Project("{FAE04EC0-301F-11D3-BF4B-00C04F79EFBC}") = "AdessoApi", "AdessoApi\AdessoApi.csproj", "{68693D7A-70B7-4368-875C-9A90C9A89C74}"
EndProject
Global
	GlobalSection(SolutionConfigurationPlatforms) = preSolution
		Debug|Any CPU = Debug|Any CPU
		Release|Any CPU = Release|Any CPU
	EndGlobalSection
	GlobalSection(ProjectConfigurationPlatforms) = postSolution
		{68693D7A-70B7-4368-875C-9A90C9A89C74}.Debug|Any CPU.ActiveCfg = Debug|Any CPU
		{68693D7A-70B7-4368-875C-9A90C9A89C74}.Debug|Any CPU.Build.0 = Debug|Any CPU
		{68693D7A-70B7-4368-875C-9A90C9A89C74}.Release|Any CPU.ActiveCfg = Release|Any CPU
		{68693D7A-70B7-4368-875C-9A90C9A89C74}.Release|Any CPU.Build.0 = Release|Any CPU
	EndGlobalSection
	GlobalSection(SolutionProperties) = preSolution
		HideSolutionNode = FALSE
	EndGlobalSection
	GlobalSection(ExtensibilityGlobals) = postSolution
		SolutionGuid = {C212AD36-6EF8-4A52-B7E8-23E5A0376085}
	EndGlobalSection
EndGlobal
